
Microsoft Visual Studio Solution File, Format Version 12.00
# Visual Studio 15
VisualStudioVersion = 15.0.28307.2092
MinimumVisualStudioVersion = 10.0.40219.1
Project("{FAE04EC0-301F-11D3-BF4B-00C04F79EFBC}") = "AnimalDetail", "AnimalDetail\AnimalDetail.csproj", "{5052A5D9-719E-4A97-B3D9-9E5F76B784D6}"
EndProject
Global
	GlobalSection(SolutionConfigurationPlatforms) = preSolution
		Debug|Any CPU = Debug|Any CPU
		Release|Any CPU = Release|Any CPU
	EndGlobalSection
	GlobalSection(ProjectConfigurationPlatforms) = postSolution
		{5052A5D9-719E-4A97-B3D9-9E5F76B784D6}.Debug|Any CPU.ActiveCfg = Debug|Any CPU
		{5052A5D9-719E-4A97-B3D9-9E5F76B784D6}.Debug|Any CPU.Build.0 = Debug|Any CPU
		{5052A5D9-719E-4A97-B3D9-9E5F76B784D6}.Release|Any CPU.ActiveCfg = Release|Any CPU
		{5052A5D9-719E-4A97-B3D9-9E5F76B784D6}.Release|Any CPU.Build.0 = Release|Any CPU
	EndGlobalSection
	GlobalSection(SolutionProperties) = preSolution
		HideSolutionNode = FALSE
	EndGlobalSection
	GlobalSection(ExtensibilityGlobals) = postSolution
		SolutionGuid = {4DC9DB71-5333-49CF-953B-962D87EF80C7}
	EndGlobalSection
EndGlobal
